PODS:
  - BVLinearGradient (2.0.0):
    - React
  - Interactable (0.0.9):
    - React
  - native-navigation (0.2.1):
    - React
  - React (0.44.2):
    - React/Core (= 0.44.2)
  - React/ART (0.44.2):
    - React/Core
  - React/Core (0.44.2):
    - React/cxxreact
    - Yoga (= 0.44.2.React)
  - React/cxxreact (0.44.2):
    - React/jschelpers
  - React/DevSupport (0.44.2):
    - React/Core
    - React/RCTWebSocket
  - React/jschelpers (0.44.2)
  - React/RCTAnimation (0.44.2):
    - React/Core
  - React/RCTImage (0.44.2):
    - React/Core
    - React/RCTNetwork
  - React/RCTNetwork (0.44.2):
    - React/Core
  - React/RCTText (0.44.2):
    - React/Core
  - React/RCTWebSocket (0.44.2):
    - React/Core
  - RNVectorIcons (4.2.0):
    - React
  - Yoga (0.44.2.React)

DEPENDENCIES:
  - BVLinearGradient (from `../node_modules/react-native-linear-gradient`)
  - Interactable (from `../node_modules/react-native-interactable`)
  - native-navigation (from `../node_modules/native-navigation`)
  - React/ART (from `../node_modules/react-native`)
  - React/Core (from `../node_modules/react-native`)
  - React/DevSupport (from `../node_modules/react-native`)
  - React/RCTAnimation (from `../node_modules/react-native`)
  - React/RCTImage (from `../node_modules/react-native`)
  - React/RCTNetwork (from `../node_modules/react-native`)
  - React/RCTText (from `../node_modules/react-native`)
  - React/RCTWebSocket (from `../node_modules/react-native`)
  - RNVectorIcons (from `../node_modules/react-native-vector-icons`)
  - Yoga (from `../node_modules/react-native/ReactCommon/yoga/Yoga.podspec`)

EXTERNAL SOURCES:
  BVLinearGradient:
    :path: "../node_modules/react-native-linear-gradient"
  Interactable:
    :path: "../node_modules/react-native-interactable"
  native-navigation:
    :path: "../node_modules/native-navigation"
  React:
    :path: "../node_modules/react-native"
  RNVectorIcons:
    :path: "../node_modules/react-native-vector-icons"
  Yoga:
    :path: "../node_modules/react-native/ReactCommon/yoga/Yoga.podspec"

SPEC CHECKSUMS:
  BVLinearGradient: 2141b67ea06d9b1077ca68c9d6f89fa38c5f8450
  Interactable: 0a9f2a42b02ea03114d7e03e714d946a65cd8d0b
  native-navigation: 0bc771c8a427dfb0d31eb9707dde48e9fbac42fa
  React: 68b26ea7726bf0731e954db0187fd8b749ec2863
  RNVectorIcons: 6d98d83e944d15014d8071dd9819beb094c61133
  Yoga: 735d941f871ac6c4853334c164c424e013a79a17

PODFILE CHECKSUM: 0d77c9d0161100f71e6f18e7bb255b47a4bfb067

COCOAPODS: 1.2.1
